
Microsoft Visual Studio Solution File, Format Version 12.00
# Visual Studio Version 17
VisualStudioVersion = 17.8.34525.116
MinimumVisualStudioVersion = 10.0.40219.1
Project("{FAE04EC0-301F-11D3-BF4B-00C04F79EFBC}") = "RestaurangRegisterPersonels", "RestaurangRegisterPersonels\RestaurangRegisterPersonels.csproj", "{76E1D62D-D7B7-41C1-90A3-0F68E69F5B92}"
EndProject
Global
	GlobalSection(SolutionConfigurationPlatforms) = preSolution
		Debug|Any CPU = Debug|Any CPU
		Release|Any CPU = Release|Any CPU
	EndGlobalSection
	GlobalSection(ProjectConfigurationPlatforms) = postSolution
		{76E1D62D-D7B7-41C1-90A3-0F68E69F5B92}.Debug|Any CPU.ActiveCfg = Debug|Any CPU
		{76E1D62D-D7B7-41C1-90A3-0F68E69F5B92}.Debug|Any CPU.Build.0 = Debug|Any CPU
		{76E1D62D-D7B7-41C1-90A3-0F68E69F5B92}.Release|Any CPU.ActiveCfg = Release|Any CPU
		{76E1D62D-D7B7-41C1-90A3-0F68E69F5B92}.Release|Any CPU.Build.0 = Release|Any CPU
	EndGlobalSection
	GlobalSection(SolutionProperties) = preSolution
		HideSolutionNode = FALSE
	EndGlobalSection
	GlobalSection(ExtensibilityGlobals) = postSolution
		SolutionGuid = {E209682E-424C-448D-906C-7700FBEEC2DB}
	EndGlobalSection
EndGlobal
